{
  "version": 2,
  "dependencies": {
    "net10.0": {
      "Swashbuckle.AspNetCore": {
        "type": "Direct",
        "requested": "[9.0.6, )",
        "resolved": "9.0.6",
        "contentHash": "q/UfEAgrk6qQyjHXgsW9ILw0YZLfmPtWUY4wYijliX6supozC+TkzU0G6FTnn/dPYxnChjM8g8lHjWHF6VKy+A==",
        "dependencies": {
          "Microsoft.Extensions.ApiDescription.Server": "9.0.0",
          "Swashbuckle.AspNetCore.Swagger": "9.0.6",
          "Swashbuckle.AspNetCore.SwaggerGen": "9.0.6",
          "Swashbuckle.AspNetCore.SwaggerUI": "9.0.6"
        }
      },
      "Azure.Core": {
        "type": "Transitive",
        "resolved": "1.49.0",
        "contentHash": "wmY5VEEVTBJN+8KVB6qSVZYDCMpHs1UXooOijx/NH7OsMtK92NlxhPBpPyh4cR+07R/zyDGvA5+Fss4TpwlO+g==",
        "dependencies": {
          "Microsoft.Bcl.AsyncInterfaces": "8.0.0",
          "System.ClientModel": "1.7.0",
          "System.Memory.Data": "8.0.1"
        }
      },
      "Microsoft.Bcl.AsyncInterfaces": {
        "type": "Transitive",
        "resolved": "8.0.0",
        "contentHash": "3WA9q9yVqJp222P3x1wYIGDAkpjAku0TMUaaQV22g6L67AI0LdOIrVS7Ht2vJfLHGSPVuqN94vIr15qn+HEkHw=="
      },
      "Microsoft.Extensions.ApiDescription.Server": {
        "type": "Transitive",
        "resolved": "9.0.0",
        "contentHash": "1Kzzf7pRey40VaUkHN9/uWxrKVkLu2AQjt+GVeeKLLpiEHAJ1xZRsLSh4ZZYEnyS7Kt2OBOPmsXNdU+wbcOl5w=="
      },
      "Microsoft.Identity.Client": {
        "type": "Transitive",
        "resolved": "4.76.0",
        "contentHash": "j2FtmljuCveDJ7umBVYm6Bx3iVGA71U07Dc7byGr2Hrj7XlByZSknruCBUeYN3V75nn1VEhXegxE0MerxvxrXQ==",
        "dependencies": {
          "Microsoft.IdentityModel.Abstractions": "6.35.0"
        }
      },
      "Microsoft.Identity.Client.Extensions.Msal": {
        "type": "Transitive",
        "resolved": "4.76.0",
        "contentHash": "D0n3yMTa3gnDh1usrJmyxGWKYeqbQNCWLgQ0Tswf7S6nk9YobiCOX+M2V8EX5SPqkZxpwkTT6odAhaafu3TIeA==",
        "dependencies": {
          "Microsoft.Identity.Client": "4.76.0",
          "System.Security.Cryptography.ProtectedData": "4.5.0"
        }
      },
      "Microsoft.IdentityModel.Abstractions": {
        "type": "Transitive",
        "resolved": "6.35.0",
        "contentHash": "xuR8E4Rd96M41CnUSCiOJ2DBh+z+zQSmyrYHdYhD6K4fXBcQGVnRCFQ0efROUYpP+p0zC1BLKr0JRpVuujTZSg=="
      },
      "Microsoft.OpenApi": {
        "type": "Transitive",
        "resolved": "1.6.25",
        "contentHash": "ZahSqNGtNV7N0JBYS/IYXPkLVexL/AZFxo6pqxv6A7Uli7Q7zfitNjkaqIcsV73Ukzxi4IlJdyDgcQiMXiH8cw=="
      },
      "Swashbuckle.AspNetCore.Swagger": {
        "type": "Transitive",
        "resolved": "9.0.6",
        "contentHash": "Bgyc8rWRAYwDrzjVHGbavvNE38G1Dfgf1McHYm+WUr4TxkvEAXv8F8B1z3Kmz4BkDCKv9A/1COa2t7+Ri5+pLg==",
        "dependencies": {
          "Microsoft.OpenApi": "1.6.25"
        }
      },
      "Swashbuckle.AspNetCore.SwaggerGen": {
        "type": "Transitive",
        "resolved": "9.0.6",
        "contentHash": "yYrDs5qpIa4UXP+a02X0ZLQs6HSd1C8t6hF6J1fnxoawi3PslJg1yUpLBS89HCbrDACzmwEGG25il+8aa0zdnw==",
        "dependencies": {
          "Swashbuckle.AspNetCore.Swagger": "9.0.6"
        }
      },
      "Swashbuckle.AspNetCore.SwaggerUI": {
        "type": "Transitive",
        "resolved": "9.0.6",
        "contentHash": "WGsw/Yop9b16miq8TQd4THxuEgkP5cH3+DX93BrX9m0OdPcKNtg2nNm77WQSAsA+Se+M0bTiu8bUyrruRSeS5g=="
      },
      "System.ClientModel": {
        "type": "Transitive",
        "resolved": "1.7.0",
        "contentHash": "NKKA3/O6B7PxmtIzOifExHdfoWthy3AD4EZ1JfzcZU8yGZTbYrK1qvXsHUL/1yQKKqWSKgIR1Ih/yf2gOaHc4w==",
        "dependencies": {
          "System.Memory.Data": "8.0.1"
        }
      },
      "System.Memory.Data": {
        "type": "Transitive",
        "resolved": "8.0.1",
        "contentHash": "BVYuec3jV23EMRDeR7Dr1/qhx7369dZzJ9IWy2xylvb4YfXsrUxspWc4UWYid/tj4zZK58uGZqn2WQiaDMhmAg=="
      },
      "System.Security.Cryptography.ProtectedData": {
        "type": "Transitive",
        "resolved": "4.5.0",
        "contentHash": "wLBKzFnDCxP12VL9ANydSYhk59fC4cvOr9ypYQLPnAj48NQIhqnjdD2yhP8yEKyBJEjERWS9DisKL7rX5eU25Q=="
      },
      "Raiqub.AzureKeyVaultReference": {
        "type": "Project",
        "dependencies": {
          "Azure.Identity": "[1.17.0, )",
          "Azure.Security.KeyVault.Secrets": "[4.8.0, )"
        }
      },
      "Raiqub.AzureKeyVaultReference.Configuration": {
        "type": "Project",
        "dependencies": {
          "Raiqub.AzureKeyVaultReference": "[1.0.0, )"
        }
      },
      "Azure.Identity": {
        "type": "CentralTransitive",
        "requested": "[1.17.0, )",
        "resolved": "1.17.0",
        "contentHash": "QZiMa1O5lTniWTSDPyPVdBKOS0/M5DWXTfQ2xLOot96yp8Q5A69iScGtzCIxfbg/4bmp/TynibZ2VK1v3qsSNA==",
        "dependencies": {
          "Azure.Core": "1.49.0",
          "Microsoft.Identity.Client": "4.76.0",
          "Microsoft.Identity.Client.Extensions.Msal": "4.76.0"
        }
      },
      "Azure.Security.KeyVault.Secrets": {
        "type": "CentralTransitive",
        "requested": "[4.8.0, )",
        "resolved": "4.8.0",
        "contentHash": "tmcIgo+de2K5+PTBRNlnFLQFbmSoyuT9RpDr5MwKS6mIfNxLPQpARkRAP91r3tmeiJ9j/UCO0F+hTlk1Bk7HNQ==",
        "dependencies": {
          "Azure.Core": "1.46.2"
        }
      }
    }
  }
}